
Microsoft Visual Studio Solution File, Format Version 12.00
# Visual Studio Version 16
VisualStudioVersion = 16.0.30114.105
MinimumVisualStudioVersion = 10.0.40219.1
Project("{FAE04EC0-301F-11D3-BF4B-00C04F79EFBC}") = "GrpcClient", "GrpcClient\GrpcClient.csproj", "{B64880AA-E5B2-4EA7-9FEA-72D259C52DB3}"
EndProject
Project("{FAE04EC0-301F-11D3-BF4B-00C04F79EFBC}") = "GrpcServer", "GrpcServer\GrpcServer.csproj", "{02512614-A487-45C2-B643-2D3EED0F002E}"
EndProject
Global
	GlobalSection(SolutionConfigurationPlatforms) = preSolution
		Debug|Any CPU = Debug|Any CPU
		Release|Any CPU = Release|Any CPU
	EndGlobalSection
	GlobalSection(SolutionProperties) = preSolution
		HideSolutionNode = FALSE
	EndGlobalSection
	GlobalSection(ProjectConfigurationPlatforms) = postSolution
		{B64880AA-E5B2-4EA7-9FEA-72D259C52DB3}.Debug|Any CPU.ActiveCfg = Debug|Any CPU
		{B64880AA-E5B2-4EA7-9FEA-72D259C52DB3}.Debug|Any CPU.Build.0 = Debug|Any CPU
		{B64880AA-E5B2-4EA7-9FEA-72D259C52DB3}.Release|Any CPU.ActiveCfg = Release|Any CPU
		{B64880AA-E5B2-4EA7-9FEA-72D259C52DB3}.Release|Any CPU.Build.0 = Release|Any CPU
		{02512614-A487-45C2-B643-2D3EED0F002E}.Debug|Any CPU.ActiveCfg = Debug|Any CPU
		{02512614-A487-45C2-B643-2D3EED0F002E}.Debug|Any CPU.Build.0 = Debug|Any CPU
		{02512614-A487-45C2-B643-2D3EED0F002E}.Release|Any CPU.ActiveCfg = Release|Any CPU
		{02512614-A487-45C2-B643-2D3EED0F002E}.Release|Any CPU.Build.0 = Release|Any CPU
	EndGlobalSection
EndGlobal
